<?xml version="1.0" encoding="utf-8"?>
<Project ToolsVersion="4.0" xmlns="http://schemas.microsoft.com/developer/msbuild/2003">
  <ItemGroup>
    <ClCompile Include="src\ofApp.cpp">
      <Filter>src</Filter>
    </ClCompile>
    <ClCompile Include="src\main.cpp">
      <Filter>src</Filter>
    </ClCompile>
    <ClCompile Include="src\Particule.cpp">
      <Filter>src\Particules</Filter>
    </ClCompile>
    <ClCompile Include="src\Vector.cpp">
      <Filter>src\Tools</Filter>
    </ClCompile>
    <ClCompile Include="src\PlayerController.cpp">
      <Filter>src\Input</Filter>
    </ClCompile>
    <ClCompile Include="src\Camera.cpp">
      <Filter>src\Input</Filter>
    </ClCompile>
    <ClCompile Include="src\Input.cpp">
      <Filter>src\Input</Filter>
    </ClCompile>
    <ClCompile Include="src\GameWorld.cpp">
      <Filter>src\Tools</Filter>
    </ClCompile>
    <ClCompile Include="src\Ground.cpp">
      <Filter>src\Tools</Filter>
    </ClCompile>
    <ClCompile Include="src\Sphere.cpp">
      <Filter>src\Particules</Filter>
    </ClCompile>
    <ClCompile Include="src\InputForce.cpp">
      <Filter>src\Forces</Filter>
    </ClCompile>
    <ClCompile Include="src\Matrix3.cpp">
      <Filter>src\Tools</Filter>
    </ClCompile>
    <ClCompile Include="src\Quaternion.cpp">
      <Filter>src\Tools</Filter>
    </ClCompile>
    <ClCompile Include="src\Matrix4.cpp">
      <Filter>src\Tools</Filter>
    </ClCompile>
    <ClCompile Include="src\ParticuleForceGenerator.cpp">
      <Filter>src\Forces\Particules</Filter>
    </ClCompile>
    <ClCompile Include="src\ParticuleForceRegistry.cpp">
      <Filter>src\Forces\Particules</Filter>
    </ClCompile>
    <ClCompile Include="src\ParticuleFrictionCinetic.cpp">
      <Filter>src\Forces\Particules</Filter>
    </ClCompile>
    <ClCompile Include="src\ParticuleFrictionStatic.cpp">
      <Filter>src\Forces\Particules</Filter>
    </ClCompile>
    <ClCompile Include="src\ParticuleGravity.cpp">
      <Filter>src\Forces\Particules</Filter>
    </ClCompile>
    <ClCompile Include="src\ParticuleSpring.cpp">
      <Filter>src\Forces\Particules</Filter>
    </ClCompile>
    <ClCompile Include="src\RigidBodyForce.cpp">
      <Filter>src\Forces\RigidBodies</Filter>
    </ClCompile>
    <ClCompile Include="src\RigidBodyForceGenerator.cpp">
      <Filter>src\Forces\RigidBodies</Filter>
    </ClCompile>
    <ClCompile Include="src\RigidBodyForceRegistry.cpp">
      <Filter>src\Forces\RigidBodies</Filter>
    </ClCompile>
    <ClCompile Include="..\..\..\addons\ofxGui\src\ofxBaseGui.cpp">
      <Filter>src\ofGui</Filter>
    </ClCompile>
    <ClCompile Include="..\..\..\addons\ofxGui\src\ofxButton.cpp">
      <Filter>src\ofGui</Filter>
    </ClCompile>
    <ClCompile Include="..\..\..\addons\ofxGui\src\ofxColorPicker.cpp">
      <Filter>src\ofGui</Filter>
    </ClCompile>
    <ClCompile Include="..\..\..\addons\ofxGui\src\ofxGuiGroup.cpp">
      <Filter>src\ofGui</Filter>
    </ClCompile>
    <ClCompile Include="..\..\..\addons\ofxGui\src\ofxInputField.cpp">
      <Filter>src\ofGui</Filter>
    </ClCompile>
    <ClCompile Include="..\..\..\addons\ofxGui\src\ofxLabel.cpp">
      <Filter>src\ofGui</Filter>
    </ClCompile>
    <ClCompile Include="..\..\..\addons\ofxGui\src\ofxPanel.cpp">
      <Filter>src\ofGui</Filter>
    </ClCompile>
    <ClCompile Include="..\..\..\addons\ofxGui\src\ofxSlider.cpp">
      <Filter>src\ofGui</Filter>
    </ClCompile>
    <ClCompile Include="..\..\..\addons\ofxGui\src\ofxSliderGroup.cpp">
      <Filter>src\ofGui</Filter>
    </ClCompile>
    <ClCompile Include="..\..\..\addons\ofxGui\src\ofxToggle.cpp">
      <Filter>src\ofGui</Filter>
    </ClCompile>
    <ClCompile Include="src\Rigid.cpp">
      <Filter>src\Rigids</Filter>
    </ClCompile>
    <ClCompile Include="src\Box.cpp">
      <Filter>src\Rigids</Filter>
    </ClCompile>
    <ClCompile Include="src\CoverSphere.cpp">
      <Filter>src\Rigids</Filter>
    </ClCompile>
    <ClCompile Include="src\Plane.cpp">
      <Filter>src\Tools</Filter>
    </ClCompile>
  </ItemGroup>
  <ItemGroup>
    <Filter Include="src">
      <UniqueIdentifier>{d8376475-7454-4a24-b08a-aac121d3ad6f}</UniqueIdentifier>
    </Filter>
    <Filter Include="src\Forces">
      <UniqueIdentifier>{9d6f3c83-009b-47fc-8334-cd9f3e5c2941}</UniqueIdentifier>
    </Filter>
    <Filter Include="src\Particules">
      <UniqueIdentifier>{2cc42cf8-be38-463b-a03c-e95d41ad791c}</UniqueIdentifier>
    </Filter>
    <Filter Include="src\Input">
      <UniqueIdentifier>{95564b2e-e3c3-4970-9d9c-bb86cefa7a8a}</UniqueIdentifier>
    </Filter>
    <Filter Include="src\Tools">
      <UniqueIdentifier>{e6db230b-308d-463b-b7f2-163df12def96}</UniqueIdentifier>
    </Filter>
    <Filter Include="src\Forces\Particules">
      <UniqueIdentifier>{1284b086-36cf-46e4-9baa-e2f735a58edd}</UniqueIdentifier>
    </Filter>
    <Filter Include="src\Forces\RigidBodies">
      <UniqueIdentifier>{b5123ef4-1771-4ebb-a0e0-8373ecef93f4}</UniqueIdentifier>
    </Filter>
    <Filter Include="src\ofGui">
      <UniqueIdentifier>{61a19696-6c8b-481b-9158-822fac8e51c7}</UniqueIdentifier>
    </Filter>
    <Filter Include="src\Rigids">
      <UniqueIdentifier>{6e0a811d-0809-427b-9e2f-902c5e677729}</UniqueIdentifier>
    </Filter>
    <Filter Include="src\Collisions">
      <UniqueIdentifier>{978be3fe-51dc-422a-838f-f327b08a9292}</UniqueIdentifier>
    </Filter>
  </ItemGroup>
  <ItemGroup>
    <ClInclude Include="src\ofApp.h">
      <Filter>src</Filter>
    </ClInclude>
    <ClInclude Include="src\Particule.h">
      <Filter>src\Particules</Filter>
    </ClInclude>
    <ClInclude Include="src\Vector.h">
      <Filter>src\Tools</Filter>
    </ClInclude>
    <ClInclude Include="src\PlayerController.h">
      <Filter>src\Input</Filter>
    </ClInclude>
    <ClInclude Include="src\Camera.h">
      <Filter>src\Input</Filter>
    </ClInclude>
    <ClInclude Include="src\Input.h">
      <Filter>src\Input</Filter>
    </ClInclude>
    <ClInclude Include="src\Ground.h">
      <Filter>src\Tools</Filter>
    </ClInclude>
    <ClInclude Include="src\GameWorld.h">
      <Filter>src\Tools</Filter>
    </ClInclude>
    <ClInclude Include="src\Sphere.h">
      <Filter>src\Particules</Filter>
    </ClInclude>
    <ClInclude Include="src\InputForce.h">
      <Filter>src\Forces</Filter>
    </ClInclude>
    <ClInclude Include="src\Matrix3.h">
      <Filter>src\Tools</Filter>
    </ClInclude>
    <ClInclude Include="src\Quaternion.h">
      <Filter>src\Tools</Filter>
    </ClInclude>
    <ClInclude Include="src\Matrix4.h">
      <Filter>src\Tools</Filter>
    </ClInclude>
    <ClInclude Include="src\ParticuleForceGenerator.h">
      <Filter>src\Forces\Particules</Filter>
    </ClInclude>
    <ClInclude Include="src\ParticuleForceRegistry.h">
      <Filter>src\Forces\Particules</Filter>
    </ClInclude>
    <ClInclude Include="src\ParticuleFrictionCinetic.h">
      <Filter>src\Forces\Particules</Filter>
    </ClInclude>
    <ClInclude Include="src\ParticuleFrictionStatic.h">
      <Filter>src\Forces\Particules</Filter>
    </ClInclude>
    <ClInclude Include="src\ParticuleGravity.h">
      <Filter>src\Forces\Particules</Filter>
    </ClInclude>
    <ClInclude Include="src\ParticuleSpring.h">
      <Filter>src\Forces\Particules</Filter>
    </ClInclude>
    <ClInclude Include="src\RigidBodyForce.h">
      <Filter>src\Forces\RigidBodies</Filter>
    </ClInclude>
    <ClInclude Include="src\RigidBodyForceGenerator.h">
      <Filter>src\Forces\RigidBodies</Filter>
    </ClInclude>
    <ClInclude Include="src\RigidBodyForceRegistry.h">
      <Filter>src\Forces\RigidBodies</Filter>
    </ClInclude>
    <ClInclude Include="..\..\..\addons\ofxGui\src\ofxBaseGui.h">
      <Filter>src\ofGui</Filter>
    </ClInclude>
    <ClInclude Include="..\..\..\addons\ofxGui\src\ofxButton.h">
      <Filter>src\ofGui</Filter>
    </ClInclude>
    <ClInclude Include="..\..\..\addons\ofxGui\src\ofxColorPicker.h">
      <Filter>src\ofGui</Filter>
    </ClInclude>
    <ClInclude Include="..\..\..\addons\ofxGui\src\ofxGui.h">
      <Filter>src\ofGui</Filter>
    </ClInclude>
    <ClInclude Include="..\..\..\addons\ofxGui\src\ofxGuiGroup.h">
      <Filter>src\ofGui</Filter>
    </ClInclude>
    <ClInclude Include="..\..\..\addons\ofxGui\src\ofxGuiUtils.h">
      <Filter>src\ofGui</Filter>
    </ClInclude>
    <ClInclude Include="..\..\..\addons\ofxGui\src\ofxInputField.h">
      <Filter>src\ofGui</Filter>
    </ClInclude>
    <ClInclude Include="..\..\..\addons\ofxGui\src\ofxLabel.h">
      <Filter>src\ofGui</Filter>
    </ClInclude>
    <ClInclude Include="..\..\..\addons\ofxGui\src\ofxPanel.h">
      <Filter>src\ofGui</Filter>
    </ClInclude>
    <ClInclude Include="..\..\..\addons\ofxGui\src\ofxSlider.h">
      <Filter>src\ofGui</Filter>
    </ClInclude>
    <ClInclude Include="..\..\..\addons\ofxGui\src\ofxSliderGroup.h">
      <Filter>src\ofGui</Filter>
    </ClInclude>
    <ClInclude Include="..\..\..\addons\ofxGui\src\ofxToggle.h">
      <Filter>src\ofGui</Filter>
    </ClInclude>
    <ClInclude Include="src\Rigid.h">
      <Filter>src\Rigids</Filter>
    </ClInclude>
    <ClInclude Include="src\Box.h">
      <Filter>src\Rigids</Filter>
    </ClInclude>
    <ClInclude Include="src\CoverSphere.h">
      <Filter>src\Rigids</Filter>
    </ClInclude>
    <ClInclude Include="src\Plane.h">
      <Filter>src\Tools</Filter>
    </ClInclude>
    <ClInclude Include="src\BoxPair.h">
      <Filter>src\Collisions</Filter>
    </ClInclude>
  </ItemGroup>
  <ItemGroup>
    <ResourceCompile Include="icon.rc" />
  </ItemGroup>
</Project>